// !$*UTF8*$!
{
	archiveVersion = 1;
	classes = {
	};
	objectVersion = 50;
	objects = {

/* Begin PBXBuildFile section */
		574F866226092C3000B49803 /* Router.swift in Sources */ = {isa = PBXBuildFile; fileRef = 574F866126092C3000B49803 /* Router.swift */; };
		577DE52F25FA872F001F71D7 /* .gitignore in Resources */ = {isa = PBXBuildFile; fileRef = 577DE52E25FA872F001F71D7 /* .gitignore */; };
		577F235125F9650900A24403 /* DashboardScreen.swift in Sources */ = {isa = PBXBuildFile; fileRef = 577F235025F9650900A24403 /* DashboardScreen.swift */; };
		577F237F25F97DC800A24403 /* FoodScreen.swift in Sources */ = {isa = PBXBuildFile; fileRef = 577F237E25F97DC800A24403 /* FoodScreen.swift */; };
		577F238325F98BB200A24403 /* RequestHandler.swift in Sources */ = {isa = PBXBuildFile; fileRef = 577F238225F98BB200A24403 /* RequestHandler.swift */; };
		577F238A25F98C1300A24403 /* Receipt.swift in Sources */ = {isa = PBXBuildFile; fileRef = 577F238925F98C1300A24403 /* Receipt.swift */; };
		577F238F25F98DFC00A24403 /* URLS.swift in Sources */ = {isa = PBXBuildFile; fileRef = 577F238E25F98DFC00A24403 /* URLS.swift */; };
		577F239E25F9973500A24403 /* RefreshScrollView.swift in Sources */ = {isa = PBXBuildFile; fileRef = 577F239D25F9973500A24403 /* RefreshScrollView.swift */; };
		577F23A825F9A32600A24403 /* RemoteImage.swift in Sources */ = {isa = PBXBuildFile; fileRef = 577F23A725F9A32600A24403 /* RemoteImage.swift */; };
		577F23AB25F9A65C00A24403 /* FoodDetailScreen.swift in Sources */ = {isa = PBXBuildFile; fileRef = 577F23AA25F9A65C00A24403 /* FoodDetailScreen.swift */; };
		578D0D2025F024580067D911 /* AppSUIApp.swift in Sources */ = {isa = PBXBuildFile; fileRef = 578D0D1F25F024580067D911 /* AppSUIApp.swift */; };
		578D0D2225F024580067D911 /* ContentView.swift in Sources */ = {isa = PBXBuildFile; fileRef = 578D0D2125F024580067D911 /* ContentView.swift */; };
		578D0D2425F0245A0067D911 /* Assets.xcassets in Resources */ = {isa = PBXBuildFile; fileRef = 578D0D2325F0245A0067D911 /* Assets.xcassets */; };
		578D0D2725F0245A0067D911 /* Preview Assets.xcassets in Resources */ = {isa = PBXBuildFile; fileRef = 578D0D2625F0245A0067D911 /* Preview Assets.xcassets */; };
		578D0D3025F02DF50067D911 /* AboutScreen.swift in Sources */ = {isa = PBXBuildFile; fileRef = 578D0D2F25F02DF50067D911 /* AboutScreen.swift */; };
		578D0D3325F02FCC0067D911 /* FoodScreenOld.swift in Sources */ = {isa = PBXBuildFile; fileRef = 578D0D3225F02FCC0067D911 /* FoodScreenOld.swift */; };
		57DB9A99260A187E0018DD1A /* SomeUIKitVC.swift in Sources */ = {isa = PBXBuildFile; fileRef = 57DB9A98260A187E0018DD1A /* SomeUIKitVC.swift */; };
		57DB9AA1260A1C780018DD1A /* SomeVC.swift in Sources */ = {isa = PBXBuildFile; fileRef = 57DB9AA0260A1C780018DD1A /* SomeVC.swift */; };
/* End PBXBuildFile section */

/* Begin PBXFileReference section */
		574F866126092C3000B49803 /* Router.swift */ = {isa = PBXFileReference; lastKnownFileType = sourcecode.swift; path = Router.swift; sourceTree = "<group>"; };
		577DE52E25FA872F001F71D7 /* .gitignore */ = {isa = PBXFileReference; lastKnownFileType = text; path = .gitignore; sourceTree = "<group>"; };
		577F235025F9650900A24403 /* DashboardScreen.swift */ = {isa = PBXFileReference; lastKnownFileType = sourcecode.swift; path = DashboardScreen.swift; sourceTree = "<group>"; };
		577F237E25F97DC800A24403 /* FoodScreen.swift */ = {isa = PBXFileReference; lastKnownFileType = sourcecode.swift; path = FoodScreen.swift; sourceTree = "<group>"; };
		577F238225F98BB200A24403 /* RequestHandler.swift */ = {isa = PBXFileReference; lastKnownFileType = sourcecode.swift; path = RequestHandler.swift; sourceTree = "<group>"; };
		577F238925F98C1300A24403 /* Receipt.swift */ = {isa = PBXFileReference; lastKnownFileType = sourcecode.swift; path = Receipt.swift; sourceTree = "<group>"; };
		577F238E25F98DFC00A24403 /* URLS.swift */ = {isa = PBXFileReference; lastKnownFileType = sourcecode.swift; path = URLS.swift; sourceTree = "<group>"; };
		577F239D25F9973500A24403 /* RefreshScrollView.swift */ = {isa = PBXFileReference; lastKnownFileType = sourcecode.swift; path = RefreshScrollView.swift; sourceTree = "<group>"; };
		577F23A725F9A32600A24403 /* RemoteImage.swift */ = {isa = PBXFileReference; lastKnownFileType = sourcecode.swift; path = RemoteImage.swift; sourceTree = "<group>"; };
		577F23AA25F9A65C00A24403 /* FoodDetailScreen.swift */ = {isa = PBXFileReference; lastKnownFileType = sourcecode.swift; path = FoodDetailScreen.swift; sourceTree = "<group>"; };
		578D0D1C25F024580067D911 /* AppSUI.app */ = {isa = PBXFileReference; explicitFileType = wrapper.application; includeInIndex = 0; path = AppSUI.app; sourceTree = BUILT_PRODUCTS_DIR; };
		578D0D1F25F024580067D911 /* AppSUIApp.swift */ = {isa = PBXFileReference; lastKnownFileType = sourcecode.swift; path = AppSUIApp.swift; sourceTree = "<group>"; };
		578D0D2125F024580067D911 /* ContentView.swift */ = {isa = PBXFileReference; lastKnownFileType = sourcecode.swift; path = ContentView.swift; sourceTree = "<group>"; };
		578D0D2325F0245A0067D911 /* Assets.xcassets */ = {isa = PBXFileReference; lastKnownFileType = folder.assetcatalog; path = Assets.xcassets; sourceTree = "<group>"; };
		578D0D2625F0245A0067D911 /* Preview Assets.xcassets */ = {isa = PBXFileReference; lastKnownFileType = folder.assetcatalog; path = "Preview Assets.xcassets"; sourceTree = "<group>"; };
		578D0D2825F0245A0067D911 /* Info.plist */ = {isa = PBXFileReference; lastKnownFileType = text.plist.xml; path = Info.plist; sourceTree = "<group>"; };
		578D0D2F25F02DF50067D911 /* AboutScreen.swift */ = {isa = PBXFileReference; lastKnownFileType = sourcecode.swift; path = AboutScreen.swift; sourceTree = "<group>"; };
		578D0D3225F02FCC0067D911 /* FoodScreenOld.swift */ = {isa = PBXFileReference; lastKnownFileType = sourcecode.swift; path = FoodScreenOld.swift; sourceTree = "<group>"; };
		57DB9A98260A187E0018DD1A /* SomeUIKitVC.swift */ = {isa = PBXFileReference; lastKnownFileType = sourcecode.swift; path = SomeUIKitVC.swift; sourceTree = "<group>"; };
		57DB9AA0260A1C780018DD1A /* SomeVC.swift */ = {isa = PBXFileReference; lastKnownFileType = sourcecode.swift; path = SomeVC.swift; sourceTree = "<group>"; };
/* End PBXFileReference section */

/* Begin PBXFrameworksBuildPhase section */
		578D0D1925F024580067D911 /* Frameworks */ = {
			isa = PBXFrameworksBuildPhase;
			buildActionMask = 2147483647;
			files = (
			);
			runOnlyForDeploymentPostprocessing = 0;
		};
/* End PBXFrameworksBuildPhase section */

/* Begin PBXGroup section */
		574F866526092C4600B49803 /* Services */ = {
			isa = PBXGroup;
			children = (
				574F866126092C3000B49803 /* Router.swift */,
			);
			path = Services;
			sourceTree = "<group>";
		};
		577F235425F9654E00A24403 /* Screens */ = {
			isa = PBXGroup;
			children = (
				57DB9AA5260A25530018DD1A /* 1_DashBoard */,
				57DB9AA6260A256D0018DD1A /* 2_Food */,
				57DB9AA7260A25810018DD1A /* 3_About */,
				578D0D3225F02FCC0067D911 /* FoodScreenOld.swift */,
			);
			path = Screens;
			sourceTree = "<group>";
		};
		577F238625F98BDA00A24403 /* Objects */ = {
			isa = PBXGroup;
			children = (
				577F238225F98BB200A24403 /* RequestHandler.swift */,
			);
			path = Objects;
			sourceTree = "<group>";
		};
		577F238825F98C0300A24403 /* Models */ = {
			isa = PBXGroup;
			children = (
				577F238925F98C1300A24403 /* Receipt.swift */,
			);
			path = Models;
			sourceTree = "<group>";
		};
		577F239225F98E3A00A24403 /* Constant */ = {
			isa = PBXGroup;
			children = (
				577F238E25F98DFC00A24403 /* URLS.swift */,
			);
			path = Constant;
			sourceTree = "<group>";
		};
		578D0D1325F024580067D911 = {
			isa = PBXGroup;
			children = (
				578D0D1E25F024580067D911 /* AppSUI */,
				578D0D1D25F024580067D911 /* Products */,
			);
			sourceTree = "<group>";
		};
		578D0D1D25F024580067D911 /* Products */ = {
			isa = PBXGroup;
			children = (
				578D0D1C25F024580067D911 /* AppSUI.app */,
			);
			name = Products;
			sourceTree = "<group>";
		};
		578D0D1E25F024580067D911 /* AppSUI */ = {
			isa = PBXGroup;
			children = (
				577DE52E25FA872F001F71D7 /* .gitignore */,
				578D0D1F25F024580067D911 /* AppSUIApp.swift */,
				578D0D2125F024580067D911 /* ContentView.swift */,
				577F23A725F9A32600A24403 /* RemoteImage.swift */,
				57DB9AA8260A25D80018DD1A /* Networking */,
				57DB9A9F260A1C670018DD1A /* Representable */,
				574F866526092C4600B49803 /* Services */,
				577F235425F9654E00A24403 /* Screens */,
				578D0D2325F0245A0067D911 /* Assets.xcassets */,
				578D0D2825F0245A0067D911 /* Info.plist */,
				578D0D2525F0245A0067D911 /* Preview Content */,
			);
			path = AppSUI;
			sourceTree = "<group>";
		};
		578D0D2525F0245A0067D911 /* Preview Content */ = {
			isa = PBXGroup;
			children = (
				578D0D2625F0245A0067D911 /* Preview Assets.xcassets */,
			);
			path = "Preview Content";
			sourceTree = "<group>";
		};
		57DB9A9F260A1C670018DD1A /* Representable */ = {
			isa = PBXGroup;
			children = (
				577F239D25F9973500A24403 /* RefreshScrollView.swift */,
				57DB9A98260A187E0018DD1A /* SomeUIKitVC.swift */,
				57DB9AA0260A1C780018DD1A /* SomeVC.swift */,
			);
			path = Representable;
			sourceTree = "<group>";
		};
		57DB9AA5260A25530018DD1A /* 1_DashBoard */ = {
			isa = PBXGroup;
			children = (
				577F235025F9650900A24403 /* DashboardScreen.swift */,
			);
			path = 1_DashBoard;
			sourceTree = "<group>";
		};
		57DB9AA6260A256D0018DD1A /* 2_Food */ = {
			isa = PBXGroup;
			children = (
				577F237E25F97DC800A24403 /* FoodScreen.swift */,
				577F23AA25F9A65C00A24403 /* FoodDetailScreen.swift */,
			);
			path = 2_Food;
			sourceTree = "<group>";
		};
		57DB9AA7260A25810018DD1A /* 3_About */ = {
			isa = PBXGroup;
			children = (
				578D0D2F25F02DF50067D911 /* AboutScreen.swift */,
			);
			path = 3_About;
			sourceTree = "<group>";
		};
		57DB9AA8260A25D80018DD1A /* Networking */ = {
			isa = PBXGroup;
			children = (
				577F239225F98E3A00A24403 /* Constant */,
				577F238825F98C0300A24403 /* Models */,
				577F238625F98BDA00A24403 /* Objects */,
			);
			path = Networking;
			sourceTree = "<group>";
		};
/* End PBXGroup section */

/* Begin PBXNativeTarget section */
		578D0D1B25F024580067D911 /* AppSUI */ = {
			isa = PBXNativeTarget;
			buildConfigurationList = 578D0D2B25F0245A0067D911 /* Build configuration list for PBXNativeTarget "AppSUI" */;
			buildPhases = (
				578D0D1825F024580067D911 /* Sources */,
				578D0D1925F024580067D911 /* Frameworks */,
				578D0D1A25F024580067D911 /* Resources */,
			);
			buildRules = (
			);
			dependencies = (
			);
			name = AppSUI;
			productName = AppSUI;
			productReference = 578D0D1C25F024580067D911 /* AppSUI.app */;
			productType = "com.apple.product-type.application";
		};
/* End PBXNativeTarget section */

/* Begin PBXProject section */
		578D0D1425F024580067D911 /* Project object */ = {
			isa = PBXProject;
			attributes = {
				LastSwiftUpdateCheck = 1240;
				LastUpgradeCheck = 1240;
				TargetAttributes = {
					578D0D1B25F024580067D911 = {
						CreatedOnToolsVersion = 12.4;
					};
				};
			};
			buildConfigurationList = 578D0D1725F024580067D911 /* Build configuration list for PBXProject "AppSUI" */;
			compatibilityVersion = "Xcode 9.3";
			developmentRegion = en;
			hasScannedForEncodings = 0;
			knownRegions = (
				en,
				Base,
			);
			mainGroup = 578D0D1325F024580067D911;
			productRefGroup = 578D0D1D25F024580067D911 /* Products */;
			projectDirPath = "";
			projectRoot = "";
			targets = (
				578D0D1B25F024580067D911 /* AppSUI */,
			);
		};
/* End PBXProject section */

/* Begin PBXResourcesBuildPhase section */
		578D0D1A25F024580067D911 /* Resources */ = {
			isa = PBXResourcesBuildPhase;
			buildActionMask = 2147483647;
			files = (
				578D0D2725F0245A0067D911 /* Preview Assets.xcassets in Resources */,
				577DE52F25FA872F001F71D7 /* .gitignore in Resources */,
				578D0D2425F0245A0067D911 /* Assets.xcassets in Resources */,
			);
			runOnlyForDeploymentPostprocessing = 0;
		};
/* End PBXResourcesBuildPhase section */

/* Begin PBXSourcesBuildPhase section */
		578D0D1825F024580067D911 /* Sources */ = {
			isa = PBXSourcesBuildPhase;
			buildActionMask = 2147483647;
			files = (
				577F235125F9650900A24403 /* DashboardScreen.swift in Sources */,
				578D0D3025F02DF50067D911 /* AboutScreen.swift in Sources */,
				578D0D2225F024580067D911 /* ContentView.swift in Sources */,
				577F23A825F9A32600A24403 /* RemoteImage.swift in Sources */,
				577F238A25F98C1300A24403 /* Receipt.swift in Sources */,
				578D0D2025F024580067D911 /* AppSUIApp.swift in Sources */,
				57DB9AA1260A1C780018DD1A /* SomeVC.swift in Sources */,
				577F239E25F9973500A24403 /* RefreshScrollView.swift in Sources */,
				577F23AB25F9A65C00A24403 /* FoodDetailScreen.swift in Sources */,
				577F238F25F98DFC00A24403 /* URLS.swift in Sources */,
				577F237F25F97DC800A24403 /* FoodScreen.swift in Sources */,
				578D0D3325F02FCC0067D911 /* FoodScreenOld.swift in Sources */,
				57DB9A99260A187E0018DD1A /* SomeUIKitVC.swift in Sources */,
				577F238325F98BB200A24403 /* RequestHandler.swift in Sources */,
				574F866226092C3000B49803 /* Router.swift in Sources */,
			);
			runOnlyForDeploymentPostprocessing = 0;
		};
/* End PBXSourcesBuildPhase section */

/* Begin XCBuildConfiguration section */
		578D0D2925F0245A0067D911 /* Debug */ = {
			isa = XCBuildConfiguration;
			buildSettings = {
				ALWAYS_SEARCH_USER_PATHS = NO;
				CLANG_ANALYZER_NONNULL = YES;
				CLANG_ANALYZER_NUMBER_OBJECT_CONVERSION = YES_AGGRESSIVE;
				CLANG_CXX_LANGUAGE_STANDARD = "gnu++14";
				CLANG_CXX_LIBRARY = "libc++";
				CLANG_ENABLE_MODULES = YES;
				CLANG_ENABLE_OBJC_ARC = YES;
				CLANG_ENABLE_OBJC_WEAK = YES;
				CLANG_WARN_BLOCK_CAPTURE_AUTORELEASING = YES;
				CLANG_WARN_BOOL_CONVERSION = YES;
				CLANG_WARN_COMMA = YES;
				CLANG_WARN_CONSTANT_CONVERSION = YES;
				CLANG_WARN_DEPRECATED_OBJC_IMPLEMENTATIONS = YES;
				CLANG_WARN_DIRECT_OBJC_ISA_USAGE = YES_ERROR;
				CLANG_WARN_DOCUMENTATION_COMMENTS = YES;
				CLANG_WARN_EMPTY_BODY = YES;
				CLANG_WARN_ENUM_CONVERSION = YES;
				CLANG_WARN_INFINITE_RECURSION = YES;
				CLANG_WARN_INT_CONVERSION = YES;
				CLANG_WARN_NON_LITERAL_NULL_CONVERSION = YES;
				CLANG_WARN_OBJC_IMPLICIT_RETAIN_SELF = YES;
				CLANG_WARN_OBJC_LITERAL_CONVERSION = YES;
				CLANG_WARN_OBJC_ROOT_CLASS = YES_ERROR;
				CLANG_WARN_QUOTED_INCLUDE_IN_FRAMEWORK_HEADER = YES;
				CLANG_WARN_RANGE_LOOP_ANALYSIS = YES;
				CLANG_WARN_STRICT_PROTOTYPES = YES;
				CLANG_WARN_SUSPICIOUS_MOVE = YES;
				CLANG_WARN_UNGUARDED_AVAILABILITY = YES_AGGRESSIVE;
				CLANG_WARN_UNREACHABLE_CODE = YES;
				CLANG_WARN__DUPLICATE_METHOD_MATCH = YES;
				COPY_PHASE_STRIP = NO;
				DEBUG_INFORMATION_FORMAT = dwarf;
				ENABLE_STRICT_OBJC_MSGSEND = YES;
				ENABLE_TESTABILITY = YES;
				GCC_C_LANGUAGE_STANDARD = gnu11;
				GCC_DYNAMIC_NO_PIC = NO;
				GCC_NO_COMMON_BLOCKS = YES;
				GCC_OPTIMIZATION_LEVEL = 0;
				GCC_PREPROCESSOR_DEFINITIONS = (
					"DEBUG=1",
					"$(inherited)",
				);
				GCC_WARN_64_TO_32_BIT_CONVERSION = YES;
				GCC_WARN_ABOUT_RETURN_TYPE = YES_ERROR;
				GCC_WARN_UNDECLARED_SELECTOR = YES;
				GCC_WARN_UNINITIALIZED_AUTOS = YES_AGGRESSIVE;
				GCC_WARN_UNUSED_FUNCTION = YES;
				GCC_WARN_UNUSED_VARIABLE = YES;
				IPHONEOS_DEPLOYMENT_TARGET = 14.4;
				MTL_ENABLE_DEBUG_INFO = INCLUDE_SOURCE;
				MTL_FAST_MATH = YES;
				ONLY_ACTIVE_ARCH = YES;
				SDKROOT = iphoneos;
				SWIFT_ACTIVE_COMPILATION_CONDITIONS = DEBUG;
				SWIFT_OPTIMIZATION_LEVEL = "-Onone";
			};
			name = Debug;
		};
		578D0D2A25F0245A0067D911 /* Release */ = {
			isa = XCBuildConfiguration;
			buildSettings = {
				ALWAYS_SEARCH_USER_PATHS = NO;
				CLANG_ANALYZER_NONNULL = YES;
				CLANG_ANALYZER_NUMBER_OBJECT_CONVERSION = YES_AGGRESSIVE;
				CLANG_CXX_LANGUAGE_STANDARD = "gnu++14";
				CLANG_CXX_LIBRARY = "libc++";
				CLANG_ENABLE_MODULES = YES;
				CLANG_ENABLE_OBJC_ARC = YES;
				CLANG_ENABLE_OBJC_WEAK = YES;
				CLANG_WARN_BLOCK_CAPTURE_AUTORELEASING = YES;
				CLANG_WARN_BOOL_CONVERSION = YES;
				CLANG_WARN_COMMA = YES;
				CLANG_WARN_CONSTANT_CONVERSION = YES;
				CLANG_WARN_DEPRECATED_OBJC_IMPLEMENTATIONS = YES;
				CLANG_WARN_DIRECT_OBJC_ISA_USAGE = YES_ERROR;
				CLANG_WARN_DOCUMENTATION_COMMENTS = YES;
				CLANG_WARN_EMPTY_BODY = YES;
				CLANG_WARN_ENUM_CONVERSION = YES;
				CLANG_WARN_INFINITE_RECURSION = YES;
				CLANG_WARN_INT_CONVERSION = YES;
				CLANG_WARN_NON_LITERAL_NULL_CONVERSION = YES;
				CLANG_WARN_OBJC_IMPLICIT_RETAIN_SELF = YES;
				CLANG_WARN_OBJC_LITERAL_CONVERSION = YES;
				CLANG_WARN_OBJC_ROOT_CLASS = YES_ERROR;
				CLANG_WARN_QUOTED_INCLUDE_IN_FRAMEWORK_HEADER = YES;
				CLANG_WARN_RANGE_LOOP_ANALYSIS = YES;
				CLANG_WARN_STRICT_PROTOTYPES = YES;
				CLANG_WARN_SUSPICIOUS_MOVE = YES;
				CLANG_WARN_UNGUARDED_AVAILABILITY = YES_AGGRESSIVE;
				CLANG_WARN_UNREACHABLE_CODE = YES;
				CLANG_WARN__DUPLICATE_METHOD_MATCH = YES;
				COPY_PHASE_STRIP = NO;
				DEBUG_INFORMATION_FORMAT = "dwarf-with-dsym";
				ENABLE_NS_ASSERTIONS = NO;
				ENABLE_STRICT_OBJC_MSGSEND = YES;
				GCC_C_LANGUAGE_STANDARD = gnu11;
				GCC_NO_COMMON_BLOCKS = YES;
				GCC_WARN_64_TO_32_BIT_CONVERSION = YES;
				GCC_WARN_ABOUT_RETURN_TYPE = YES_ERROR;
				GCC_WARN_UNDECLARED_SELECTOR = YES;
				GCC_WARN_UNINITIALIZED_AUTOS = YES_AGGRESSIVE;
				GCC_WARN_UNUSED_FUNCTION = YES;
				GCC_WARN_UNUSED_VARIABLE = YES;
				IPHONEOS_DEPLOYMENT_TARGET = 14.4;
				MTL_ENABLE_DEBUG_INFO = NO;
				MTL_FAST_MATH = YES;
				SDKROOT = iphoneos;
				SWIFT_COMPILATION_MODE = wholemodule;
				SWIFT_OPTIMIZATION_LEVEL = "-O";
				VALIDATE_PRODUCT = YES;
			};
			name = Release;
		};
		578D0D2C25F0245A0067D911 /* Debug */ = {
			isa = XCBuildConfiguration;
			buildSettings = {
				ASSETCATALOG_COMPILER_APPICON_NAME = AppIcon;
				ASSETCATALOG_COMPILER_GLOBAL_ACCENT_COLOR_NAME = AccentColor;
				CODE_SIGN_STYLE = Manual;
				DEVELOPMENT_ASSET_PATHS = "\"AppSUI/Preview Content\"";
				DEVELOPMENT_TEAM = "";
				ENABLE_PREVIEWS = YES;
				INFOPLIST_FILE = AppSUI/Info.plist;
				IPHONEOS_DEPLOYMENT_TARGET = 14.0;
				LD_RUNPATH_SEARCH_PATHS = (
					"$(inherited)",
					"@executable_path/Frameworks",
				);
				PRODUCT_BUNDLE_IDENTIFIER = com.test.AppSUI;
				PRODUCT_NAME = "$(TARGET_NAME)";
				PROVISIONING_PROFILE_SPECIFIER = "";
				SWIFT_VERSION = 5.0;
				TARGETED_DEVICE_FAMILY = "1,2";
			};
			name = Debug;
		};
		578D0D2D25F0245A0067D911 /* Release */ = {
			isa = XCBuildConfiguration;
			buildSettings = {
				ASSETCATALOG_COMPILER_APPICON_NAME = AppIcon;
				ASSETCATALOG_COMPILER_GLOBAL_ACCENT_COLOR_NAME = AccentColor;
				CODE_SIGN_STYLE = Manual;
				DEVELOPMENT_ASSET_PATHS = "\"AppSUI/Preview Content\"";
				DEVELOPMENT_TEAM = "";
				ENABLE_PREVIEWS = YES;
				INFOPLIST_FILE = AppSUI/Info.plist;
				IPHONEOS_DEPLOYMENT_TARGET = 14.0;
				LD_RUNPATH_SEARCH_PATHS = (
					"$(inherited)",
					"@executable_path/Frameworks",
				);
				PRODUCT_BUNDLE_IDENTIFIER = com.test.AppSUI;
				PRODUCT_NAME = "$(TARGET_NAME)";
				PROVISIONING_PROFILE_SPECIFIER = "";
				SWIFT_VERSION = 5.0;
				TARGETED_DEVICE_FAMILY = "1,2";
			};
			name = Release;
		};
/* End XCBuildConfiguration section */

/* Begin XCConfigurationList section */
		578D0D1725F024580067D911 /* Build configuration list for PBXProject "AppSUI" */ = {
			isa = XCConfigurationList;
			buildConfigurations = (
				578D0D2925F0245A0067D911 /* Debug */,
				578D0D2A25F0245A0067D911 /* Release */,
			);
			defaultConfigurationIsVisible = 0;
			defaultConfigurationName = Release;
		};
		578D0D2B25F0245A0067D911 /* Build configuration list for PBXNativeTarget "AppSUI" */ = {
			isa = XCConfigurationList;
			buildConfigurations = (
				578D0D2C25F0245A0067D911 /* Debug */,
				578D0D2D25F0245A0067D911 /* Release */,
			);
			defaultConfigurationIsVisible = 0;
			defaultConfigurationName = Release;
		};
/* End XCConfigurationList section */
	};
	rootObject = 578D0D1425F024580067D911 /* Project object */;
}
